
Microsoft Visual Studio Solution File, Format Version 12.00
# Visual Studio 2013
VisualStudioVersion = 12.0.40629.0
MinimumVisualStudioVersion = 10.0.40219.1
Project("{9092AA53-FB77-4645-B42D-1CCCA6BD08BD}") = "tpack", "tpack.njsproj", "{BAA50BCE-1408-4337-8420-70301BBC1765}"
EndProject
Project("{E24C65DC-7377-472B-9ABA-BC803B73C61A}") = "tpack", "http://localhost:50582", "{D158EC7A-14B6-4BA6-B603-11915CF22910}"
	ProjectSection(WebsiteProperties) = preProject
		UseIISExpress = "true"
		TargetFrameworkMoniker = ".NETFramework,Version%3Dv4.0"
		Debug.AspNetCompiler.VirtualPath = "/localhost_50582"
		Debug.AspNetCompiler.PhysicalPath = "..\tpack\"
		Debug.AspNetCompiler.TargetPath = "PrecompiledWeb\localhost_50582\"
		Debug.AspNetCompiler.Updateable = "true"
		Debug.AspNetCompiler.ForceOverwrite = "true"
		Debug.AspNetCompiler.FixedNames = "false"
		Debug.AspNetCompiler.Debug = "True"
		Release.AspNetCompiler.VirtualPath = "/localhost_50582"
		Release.AspNetCompiler.PhysicalPath = "..\tpack\"
		Release.AspNetCompiler.TargetPath = "PrecompiledWeb\localhost_50582\"
		Release.AspNetCompiler.Updateable = "true"
		Release.AspNetCompiler.ForceOverwrite = "true"
		Release.AspNetCompiler.FixedNames = "false"
		Release.AspNetCompiler.Debug = "False"
		SlnRelativePath = "..\tpack\"
	EndProjectSection
EndProject
Global
	GlobalSection(SolutionConfigurationPlatforms) = preSolution
		Debug|Any CPU = Debug|Any CPU
		Release|Any CPU = Release|Any CPU
	EndGlobalSection
	GlobalSection(ProjectConfigurationPlatforms) = postSolution
		{BAA50BCE-1408-4337-8420-70301BBC1765}.Debug|Any CPU.ActiveCfg = Debug|Any CPU
		{BAA50BCE-1408-4337-8420-70301BBC1765}.Debug|Any CPU.Build.0 = Debug|Any CPU
		{BAA50BCE-1408-4337-8420-70301BBC1765}.Release|Any CPU.ActiveCfg = Release|Any CPU
		{BAA50BCE-1408-4337-8420-70301BBC1765}.Release|Any CPU.Build.0 = Release|Any CPU
		{D158EC7A-14B6-4BA6-B603-11915CF22910}.Debug|Any CPU.ActiveCfg = Debug|Any CPU
		{D158EC7A-14B6-4BA6-B603-11915CF22910}.Debug|Any CPU.Build.0 = Debug|Any CPU
		{D158EC7A-14B6-4BA6-B603-11915CF22910}.Release|Any CPU.ActiveCfg = Debug|Any CPU
		{D158EC7A-14B6-4BA6-B603-11915CF22910}.Release|Any CPU.Build.0 = Debug|Any CPU
	EndGlobalSection
	GlobalSection(SolutionProperties) = preSolution
		HideSolutionNode = FALSE
	EndGlobalSection
EndGlobal
